
Microsoft Visual Studio Solution File, Format Version 12.00
# Visual Studio Version 16
VisualStudioVersion = 16.0.31702.278
MinimumVisualStudioVersion = 10.0.40219.1
Project("{FAE04EC0-301F-11D3-BF4B-00C04F79EFBC}") = "CMDb", "CMDb\CMDb.csproj", "{464D19D7-F446-41CC-81E6-E6280F4434B9}"
EndProject
Global
	GlobalSection(SolutionConfigurationPlatforms) = preSolution
		Debug|Any CPU = Debug|Any CPU
		Release|Any CPU = Release|Any CPU
	EndGlobalSection
	GlobalSection(ProjectConfigurationPlatforms) = postSolution
		{464D19D7-F446-41CC-81E6-E6280F4434B9}.Debug|Any CPU.ActiveCfg = Debug|Any CPU
		{464D19D7-F446-41CC-81E6-E6280F4434B9}.Debug|Any CPU.Build.0 = Debug|Any CPU
		{464D19D7-F446-41CC-81E6-E6280F4434B9}.Release|Any CPU.ActiveCfg = Release|Any CPU
		{464D19D7-F446-41CC-81E6-E6280F4434B9}.Release|Any CPU.Build.0 = Release|Any CPU
	EndGlobalSection
	GlobalSection(SolutionProperties) = preSolution
		HideSolutionNode = FALSE
	EndGlobalSection
	GlobalSection(ExtensibilityGlobals) = postSolution
		SolutionGuid = {9B916040-4491-4BB2-8EA0-47AEC16EB95A}
	EndGlobalSection
EndGlobal
